{
  "version": "4",
  "specifiers": {
    "jsr:@std/bytes@^1.0.2": "1.0.2",
    "jsr:@std/json@1": "1.0.0",
    "jsr:@std/streams@1": "1.0.4",
    "jsr:@std/streams@^1.0.4": "1.0.4"
  },
  "jsr": {
    "@std/bytes@1.0.2": {
      "integrity": "fbdee322bbd8c599a6af186a1603b3355e59a5fb1baa139f8f4c3c9a1b3e3d57"
    },
    "@std/json@1.0.0": {
      "integrity": "985c1e544918d42e4e84072fc739ac4a19c3a5093292c99742ffcdd03fb6a268",
      "dependencies": [
        "jsr:@std/streams@1"
      ]
    },
    "@std/streams@1.0.4": {
      "integrity": "a1a5b01c74ca1d2dcaacfe1d4bbb91392e765946d82a3471bd95539adc6da83a",
      "dependencies": [
        "jsr:@std/bytes"
      ]
    }
  },
  "workspace": {
    "dependencies": [
      "jsr:@std/json@1",
      "jsr:@std/streams@^1.0.4"
    ]
  }
}
